
Microsoft Visual Studio Solution File, Format Version 12.00
# Visual Studio Version 16
VisualStudioVersion = 16.0.32228.343
MinimumVisualStudioVersion = 10.0.40219.1
Project("{9A19103F-16F7-4668-BE54-9A1E7A4F7556}") = "Microservices.Catalog", "Microservices.Catalog\Microservices.Catalog.csproj", "{0D067A37-E16E-4590-8FB7-09C6B2CE42AC}"
EndProject
Project("{FAE04EC0-301F-11D3-BF4B-00C04F79EFBC}") = "Microservices.Contracts", "Microservices.Contracts\Microservices.Contracts.csproj", "{DA45D1E5-A9CD-476B-8508-4A8EF55A49B0}"
EndProject
Global
	GlobalSection(SolutionConfigurationPlatforms) = preSolution
		Debug|Any CPU = Debug|Any CPU
		Release|Any CPU = Release|Any CPU
	EndGlobalSection
	GlobalSection(ProjectConfigurationPlatforms) = postSolution
		{0D067A37-E16E-4590-8FB7-09C6B2CE42AC}.Debug|Any CPU.ActiveCfg = Debug|Any CPU
		{0D067A37-E16E-4590-8FB7-09C6B2CE42AC}.Debug|Any CPU.Build.0 = Debug|Any CPU
		{0D067A37-E16E-4590-8FB7-09C6B2CE42AC}.Release|Any CPU.ActiveCfg = Release|Any CPU
		{0D067A37-E16E-4590-8FB7-09C6B2CE42AC}.Release|Any CPU.Build.0 = Release|Any CPU
		{DA45D1E5-A9CD-476B-8508-4A8EF55A49B0}.Debug|Any CPU.ActiveCfg = Debug|Any CPU
		{DA45D1E5-A9CD-476B-8508-4A8EF55A49B0}.Debug|Any CPU.Build.0 = Debug|Any CPU
		{DA45D1E5-A9CD-476B-8508-4A8EF55A49B0}.Release|Any CPU.ActiveCfg = Release|Any CPU
		{DA45D1E5-A9CD-476B-8508-4A8EF55A49B0}.Release|Any CPU.Build.0 = Release|Any CPU
	EndGlobalSection
	GlobalSection(SolutionProperties) = preSolution
		HideSolutionNode = FALSE
	EndGlobalSection
	GlobalSection(ExtensibilityGlobals) = postSolution
		SolutionGuid = {D2E0569C-3C37-4AFF-8035-64972BCFB795}
	EndGlobalSection
EndGlobal
